{
  "name": "scanpro-simulator",
  "version": "0.1.0",
  "lockfileVersion": 3,
  "requires": true,
  "packages": {
    "": {
      "name": "scanpro-simulator",
      "version": "0.1.0",
      "bin": {
        "scanpro-sim": "src/index.js"
      },
      "engines": {
        "node": ">=18"
      }
    }
  }
}
